
Microsoft Visual Studio Solution File, Format Version 12.00
# Visual Studio Version 17
VisualStudioVersion = 17.10.35013.160
MinimumVisualStudioVersion = 10.0.40219.1
Project("{D2ABAB84-BF74-430A-B69E-9DC6D40DDA17}") = "Supply_Chain_SSAS", "Supply_Chain_SSAS\Supply_Chain_SSAS.dwproj", "{31F07DA6-77FD-49AB-8FB6-1103258C1DC8}"
EndProject
Global
	GlobalSection(SolutionConfigurationPlatforms) = preSolution
		Development|Default = Development|Default
	EndGlobalSection
	GlobalSection(ProjectConfigurationPlatforms) = postSolution
		{31F07DA6-77FD-49AB-8FB6-1103258C1DC8}.Development|Default.ActiveCfg = Development
		{31F07DA6-77FD-49AB-8FB6-1103258C1DC8}.Development|Default.Build.0 = Development
		{31F07DA6-77FD-49AB-8FB6-1103258C1DC8}.Development|Default.Deploy.0 = Development
	EndGlobalSection
	GlobalSection(SolutionProperties) = preSolution
		HideSolutionNode = FALSE
	EndGlobalSection
	GlobalSection(ExtensibilityGlobals) = postSolution
		SolutionGuid = {96B67D46-89A4-4BC2-A785-910A7FD58766}
	EndGlobalSection
EndGlobal
